
Microsoft Visual Studio Solution File, Format Version 12.00
# Visual Studio Version 17
VisualStudioVersion = 17.1.32414.318
MinimumVisualStudioVersion = 10.0.40219.1
Project("{FAE04EC0-301F-11D3-BF4B-00C04F79EFBC}") = "BLL", "BLL\BLL.csproj", "{9F646C1C-0B7E-455C-B427-187FB1B6EF89}"
EndProject
Project("{FAE04EC0-301F-11D3-BF4B-00C04F79EFBC}") = "UI", "UI\UI.csproj", "{2B65E08C-60BA-475D-B920-AE2191DDCD18}"
EndProject
Global
	GlobalSection(SolutionConfigurationPlatforms) = preSolution
		Debug|Any CPU = Debug|Any CPU
		Release|Any CPU = Release|Any CPU
	EndGlobalSection
	GlobalSection(ProjectConfigurationPlatforms) = postSolution
		{9F646C1C-0B7E-455C-B427-187FB1B6EF89}.Debug|Any CPU.ActiveCfg = Debug|Any CPU
		{9F646C1C-0B7E-455C-B427-187FB1B6EF89}.Debug|Any CPU.Build.0 = Debug|Any CPU
		{9F646C1C-0B7E-455C-B427-187FB1B6EF89}.Release|Any CPU.ActiveCfg = Release|Any CPU
		{9F646C1C-0B7E-455C-B427-187FB1B6EF89}.Release|Any CPU.Build.0 = Release|Any CPU
		{2B65E08C-60BA-475D-B920-AE2191DDCD18}.Debug|Any CPU.ActiveCfg = Debug|Any CPU
		{2B65E08C-60BA-475D-B920-AE2191DDCD18}.Debug|Any CPU.Build.0 = Debug|Any CPU
		{2B65E08C-60BA-475D-B920-AE2191DDCD18}.Release|Any CPU.ActiveCfg = Release|Any CPU
		{2B65E08C-60BA-475D-B920-AE2191DDCD18}.Release|Any CPU.Build.0 = Release|Any CPU
	EndGlobalSection
	GlobalSection(SolutionProperties) = preSolution
		HideSolutionNode = FALSE
	EndGlobalSection
	GlobalSection(ExtensibilityGlobals) = postSolution
		SolutionGuid = {05FD6532-AFF3-4CA0-8E51-7E43B9C512B5}
	EndGlobalSection
EndGlobal
